// !$*UTF8*$!
{
	archiveVersion = 1;
	classes = {
	};
	objectVersion = 50;
	objects = {

/* Begin PBXBuildFile section */
		D70BCA5421C3D6A000EE5506 /* AppDelegate.swift in Sources */ = {isa = PBXBuildFile; fileRef = D70BCA5321C3D6A000EE5506 /* AppDelegate.swift */; };
		D70BCA5621C3D6A000EE5506 /* ViewController.swift in Sources */ = {isa = PBXBuildFile; fileRef = D70BCA5521C3D6A000EE5506 /* ViewController.swift */; };
		D70BCA5921C3D6A000EE5506 /* Main.storyboard in Resources */ = {isa = PBXBuildFile; fileRef = D70BCA5721C3D6A000EE5506 /* Main.storyboard */; };
		D70BCA5B21C3D6A300EE5506 /* Assets.xcassets in Resources */ = {isa = PBXBuildFile; fileRef = D70BCA5A21C3D6A300EE5506 /* Assets.xcassets */; };
		D70BCA5E21C3D6A300EE5506 /* LaunchScreen.storyboard in Resources */ = {isa = PBXBuildFile; fileRef = D70BCA5C21C3D6A300EE5506 /* LaunchScreen.storyboard */; };
/* End PBXBuildFile section */

/* Begin PBXFileReference section */
		D70BCA5021C3D6A000EE5506 /* HyperionPluginSample.app */ = {isa = PBXFileReference; explicitFileType = wrapper.application; includeInIndex = 0; path = HyperionPluginSample.app; sourceTree = BUILT_PRODUCTS_DIR; };
		D70BCA5321C3D6A000EE5506 /* AppDelegate.swift */ = {isa = PBXFileReference; lastKnownFileType = sourcecode.swift; path = AppDelegate.swift; sourceTree = "<group>"; };
		D70BCA5521C3D6A000EE5506 /* ViewController.swift */ = {isa = PBXFileReference; lastKnownFileType = sourcecode.swift; path = ViewController.swift; sourceTree = "<group>"; };
		D70BCA5821C3D6A000EE5506 /* Base */ = {isa = PBXFileReference; lastKnownFileType = file.storyboard; name = Base; path = Base.lproj/Main.storyboard; sourceTree = "<group>"; };
		D70BCA5A21C3D6A300EE5506 /* Assets.xcassets */ = {isa = PBXFileReference; lastKnownFileType = folder.assetcatalog; path = Assets.xcassets; sourceTree = "<group>"; };
		D70BCA5D21C3D6A300EE5506 /* Base */ = {isa = PBXFileReference; lastKnownFileType = file.storyboard; name = Base; path = Base.lproj/LaunchScreen.storyboard; sourceTree = "<group>"; };
		D70BCA5F21C3D6A300EE5506 /* Info.plist */ = {isa = PBXFileReference; lastKnownFileType = text.plist.xml; path = Info.plist; sourceTree = "<group>"; };
/* End PBXFileReference section */

/* Begin PBXFrameworksBuildPhase section */
		D70BCA4D21C3D6A000EE5506 /* Frameworks */ = {
			isa = PBXFrameworksBuildPhase;
			buildActionMask = 2147483647;
			files = (
			);
			runOnlyForDeploymentPostprocessing = 0;
		};
/* End PBXFrameworksBuildPhase section */

/* Begin PBXGroup section */
		D70BCA4721C3D6A000EE5506 = {
			isa = PBXGroup;
			children = (
				D70BCA5221C3D6A000EE5506 /* HyperionPluginSample */,
				D70BCA5121C3D6A000EE5506 /* Products */,
			);
			sourceTree = "<group>";
		};
		D70BCA5121C3D6A000EE5506 /* Products */ = {
			isa = PBXGroup;
			children = (
				D70BCA5021C3D6A000EE5506 /* HyperionPluginSample.app */,
			);
			name = Products;
			sourceTree = "<group>";
		};
		D70BCA5221C3D6A000EE5506 /* HyperionPluginSample */ = {
			isa = PBXGroup;
			children = (
				D70BCA5321C3D6A000EE5506 /* AppDelegate.swift */,
				D70BCA5521C3D6A000EE5506 /* ViewController.swift */,
				D70BCA5721C3D6A000EE5506 /* Main.storyboard */,
				D70BCA5A21C3D6A300EE5506 /* Assets.xcassets */,
				D70BCA5C21C3D6A300EE5506 /* LaunchScreen.storyboard */,
				D70BCA5F21C3D6A300EE5506 /* Info.plist */,
			);
			path = HyperionPluginSample;
			sourceTree = "<group>";
		};
/* End PBXGroup section */

/* Begin PBXNativeTarget section */
		D70BCA4F21C3D6A000EE5506 /* HyperionPluginSample */ = {
			isa = PBXNativeTarget;
			buildConfigurationList = D70BCA6221C3D6A300EE5506 /* Build configuration list for PBXNativeTarget "HyperionPluginSample" */;
			buildPhases = (
				D70BCA4C21C3D6A000EE5506 /* Sources */,
				D70BCA4D21C3D6A000EE5506 /* Frameworks */,
				D70BCA4E21C3D6A000EE5506 /* Resources */,
			);
			buildRules = (
			);
			dependencies = (
			);
			name = HyperionPluginSample;
			productName = HyperionPluginSample;
			productReference = D70BCA5021C3D6A000EE5506 /* HyperionPluginSample.app */;
			productType = "com.apple.product-type.application";
		};
/* End PBXNativeTarget section */

/* Begin PBXProject section */
		D70BCA4821C3D6A000EE5506 /* Project object */ = {
			isa = PBXProject;
			attributes = {
				LastSwiftUpdateCheck = 1010;
				LastUpgradeCheck = 1010;
				ORGANIZATIONNAME = nirazo;
				TargetAttributes = {
					D70BCA4F21C3D6A000EE5506 = {
						CreatedOnToolsVersion = 10.1;
					};
				};
			};
			buildConfigurationList = D70BCA4B21C3D6A000EE5506 /* Build configuration list for PBXProject "HyperionPluginSample" */;
			compatibilityVersion = "Xcode 9.3";
			developmentRegion = en;
			hasScannedForEncodings = 0;
			knownRegions = (
				en,
				Base,
			);
			mainGroup = D70BCA4721C3D6A000EE5506;
			productRefGroup = D70BCA5121C3D6A000EE5506 /* Products */;
			projectDirPath = "";
			projectRoot = "";
			targets = (
				D70BCA4F21C3D6A000EE5506 /* HyperionPluginSample */,
			);
		};
/* End PBXProject section */

/* Begin PBXResourcesBuildPhase section */
		D70BCA4E21C3D6A000EE5506 /* Resources */ = {
			isa = PBXResourcesBuildPhase;
			buildActionMask = 2147483647;
			files = (
				D70BCA5E21C3D6A300EE5506 /* LaunchScreen.storyboard in Resources */,
				D70BCA5B21C3D6A300EE5506 /* Assets.xcassets in Resources */,
				D70BCA5921C3D6A000EE5506 /* Main.storyboard in Resources */,
			);
			runOnlyForDeploymentPostprocessing = 0;
		};
/* End PBXResourcesBuildPhase section */

/* Begin PBXSourcesBuildPhase section */
		D70BCA4C21C3D6A000EE5506 /* Sources */ = {
			isa = PBXSourcesBuildPhase;
			buildActionMask = 2147483647;
			files = (
				D70BCA5621C3D6A000EE5506 /* ViewController.swift in Sources */,
				D70BCA5421C3D6A000EE5506 /* AppDelegate.swift in Sources */,
			);
			runOnlyForDeploymentPostprocessing = 0;
		};
/* End PBXSourcesBuildPhase section */

/* Begin PBXVariantGroup section */
		D70BCA5721C3D6A000EE5506 /* Main.storyboard */ = {
			isa = PBXVariantGroup;
			children = (
				D70BCA5821C3D6A000EE5506 /* Base */,
			);
			name = Main.storyboard;
			sourceTree = "<group>";
		};
		D70BCA5C21C3D6A300EE5506 /* LaunchScreen.storyboard */ = {
			isa = PBXVariantGroup;
			children = (
				D70BCA5D21C3D6A300EE5506 /* Base */,
			);
			name = LaunchScreen.storyboard;
			sourceTree = "<group>";
		};
/* End PBXVariantGroup section */

/* Begin XCBuildConfiguration section */
		D70BCA6021C3D6A300EE5506 /* Debug */ = {
			isa = XCBuildConfiguration;
			buildSettings = {
				ALWAYS_SEARCH_USER_PATHS = NO;
				CLANG_ANALYZER_NONNULL = YES;
				CLANG_ANALYZER_NUMBER_OBJECT_CONVERSION = YES_AGGRESSIVE;
				CLANG_CXX_LANGUAGE_STANDARD = "gnu++14";
				CLANG_CXX_LIBRARY = "libc++";
				CLANG_ENABLE_MODULES = YES;
				CLANG_ENABLE_OBJC_ARC = YES;
				CLANG_ENABLE_OBJC_WEAK = YES;
				CLANG_WARN_BLOCK_CAPTURE_AUTORELEASING = YES;
				CLANG_WARN_BOOL_CONVERSION = YES;
				CLANG_WARN_COMMA = YES;
				CLANG_WARN_CONSTANT_CONVERSION = YES;
				CLANG_WARN_DEPRECATED_OBJC_IMPLEMENTATIONS = YES;
				CLANG_WARN_DIRECT_OBJC_ISA_USAGE = YES_ERROR;
				CLANG_WARN_DOCUMENTATION_COMMENTS = YES;
				CLANG_WARN_EMPTY_BODY = YES;
				CLANG_WARN_ENUM_CONVERSION = YES;
				CLANG_WARN_INFINITE_RECURSION = YES;
				CLANG_WARN_INT_CONVERSION = YES;
				CLANG_WARN_NON_LITERAL_NULL_CONVERSION = YES;
				CLANG_WARN_OBJC_IMPLICIT_RETAIN_SELF = YES;
				CLANG_WARN_OBJC_LITERAL_CONVERSION = YES;
				CLANG_WARN_OBJC_ROOT_CLASS = YES_ERROR;
				CLANG_WARN_RANGE_LOOP_ANALYSIS = YES;
				CLANG_WARN_STRICT_PROTOTYPES = YES;
				CLANG_WARN_SUSPICIOUS_MOVE = YES;
				CLANG_WARN_UNGUARDED_AVAILABILITY = YES_AGGRESSIVE;
				CLANG_WARN_UNREACHABLE_CODE = YES;
				CLANG_WARN__DUPLICATE_METHOD_MATCH = YES;
				CODE_SIGN_IDENTITY = "iPhone Developer";
				COPY_PHASE_STRIP = NO;
				DEBUG_INFORMATION_FORMAT = dwarf;
				ENABLE_STRICT_OBJC_MSGSEND = YES;
				ENABLE_TESTABILITY = YES;
				GCC_C_LANGUAGE_STANDARD = gnu11;
				GCC_DYNAMIC_NO_PIC = NO;
				GCC_NO_COMMON_BLOCKS = YES;
				GCC_OPTIMIZATION_LEVEL = 0;
				GCC_PREPROCESSOR_DEFINITIONS = (
					"DEBUG=1",
					"$(inherited)",
				);
				GCC_WARN_64_TO_32_BIT_CONVERSION = YES;
				GCC_WARN_ABOUT_RETURN_TYPE = YES_ERROR;
				GCC_WARN_UNDECLARED_SELECTOR = YES;
				GCC_WARN_UNINITIALIZED_AUTOS = YES_AGGRESSIVE;
				GCC_WARN_UNUSED_FUNCTION = YES;
				GCC_WARN_UNUSED_VARIABLE = YES;
				IPHONEOS_DEPLOYMENT_TARGET = 12.1;
				MTL_ENABLE_DEBUG_INFO = INCLUDE_SOURCE;
				MTL_FAST_MATH = YES;
				ONLY_ACTIVE_ARCH = YES;
				SDKROOT = iphoneos;
				SWIFT_ACTIVE_COMPILATION_CONDITIONS = DEBUG;
				SWIFT_OPTIMIZATION_LEVEL = "-Onone";
			};
			name = Debug;
		};
		D70BCA6121C3D6A300EE5506 /* Release */ = {
			isa = XCBuildConfiguration;
			buildSettings = {
				ALWAYS_SEARCH_USER_PATHS = NO;
				CLANG_ANALYZER_NONNULL = YES;
				CLANG_ANALYZER_NUMBER_OBJECT_CONVERSION = YES_AGGRESSIVE;
				CLANG_CXX_LANGUAGE_STANDARD = "gnu++14";
				CLANG_CXX_LIBRARY = "libc++";
				CLANG_ENABLE_MODULES = YES;
				CLANG_ENABLE_OBJC_ARC = YES;
				CLANG_ENABLE_OBJC_WEAK = YES;
				CLANG_WARN_BLOCK_CAPTURE_AUTORELEASING = YES;
				CLANG_WARN_BOOL_CONVERSION = YES;
				CLANG_WARN_COMMA = YES;
				CLANG_WARN_CONSTANT_CONVERSION = YES;
				CLANG_WARN_DEPRECATED_OBJC_IMPLEMENTATIONS = YES;
				CLANG_WARN_DIRECT_OBJC_ISA_USAGE = YES_ERROR;
				CLANG_WARN_DOCUMENTATION_COMMENTS = YES;
				CLANG_WARN_EMPTY_BODY = YES;
				CLANG_WARN_ENUM_CONVERSION = YES;
				CLANG_WARN_INFINITE_RECURSION = YES;
				CLANG_WARN_INT_CONVERSION = YES;
				CLANG_WARN_NON_LITERAL_NULL_CONVERSION = YES;
				CLANG_WARN_OBJC_IMPLICIT_RETAIN_SELF = YES;
				CLANG_WARN_OBJC_LITERAL_CONVERSION = YES;
				CLANG_WARN_OBJC_ROOT_CLASS = YES_ERROR;
				CLANG_WARN_RANGE_LOOP_ANALYSIS = YES;
				CLANG_WARN_STRICT_PROTOTYPES = YES;
				CLANG_WARN_SUSPICIOUS_MOVE = YES;
				CLANG_WARN_UNGUARDED_AVAILABILITY = YES_AGGRESSIVE;
				CLANG_WARN_UNREACHABLE_CODE = YES;
				CLANG_WARN__DUPLICATE_METHOD_MATCH = YES;
				CODE_SIGN_IDENTITY = "iPhone Developer";
				COPY_PHASE_STRIP = NO;
				DEBUG_INFORMATION_FORMAT = "dwarf-with-dsym";
				ENABLE_NS_ASSERTIONS = NO;
				ENABLE_STRICT_OBJC_MSGSEND = YES;
				GCC_C_LANGUAGE_STANDARD = gnu11;
				GCC_NO_COMMON_BLOCKS = YES;
				GCC_WARN_64_TO_32_BIT_CONVERSION = YES;
				GCC_WARN_ABOUT_RETURN_TYPE = YES_ERROR;
				GCC_WARN_UNDECLARED_SELECTOR = YES;
				GCC_WARN_UNINITIALIZED_AUTOS = YES_AGGRESSIVE;
				GCC_WARN_UNUSED_FUNCTION = YES;
				GCC_WARN_UNUSED_VARIABLE = YES;
				IPHONEOS_DEPLOYMENT_TARGET = 12.1;
				MTL_ENABLE_DEBUG_INFO = NO;
				MTL_FAST_MATH = YES;
				SDKROOT = iphoneos;
				SWIFT_COMPILATION_MODE = wholemodule;
				SWIFT_OPTIMIZATION_LEVEL = "-O";
				VALIDATE_PRODUCT = YES;
			};
			name = Release;
		};
		D70BCA6321C3D6A300EE5506 /* Debug */ = {
			isa = XCBuildConfiguration;
			buildSettings = {
				ASSETCATALOG_COMPILER_APPICON_NAME = AppIcon;
				CODE_SIGN_STYLE = Automatic;
				INFOPLIST_FILE = HyperionPluginSample/Info.plist;
				LD_RUNPATH_SEARCH_PATHS = (
					"$(inherited)",
					"@executable_path/Frameworks",
				);
				PRODUCT_BUNDLE_IDENTIFIER = com.nirazo.HyperionPluginSample;
				PRODUCT_NAME = "$(TARGET_NAME)";
				SWIFT_VERSION = 4.2;
				TARGETED_DEVICE_FAMILY = "1,2";
			};
			name = Debug;
		};
		D70BCA6421C3D6A300EE5506 /* Release */ = {
			isa = XCBuildConfiguration;
			buildSettings = {
				ASSETCATALOG_COMPILER_APPICON_NAME = AppIcon;
				CODE_SIGN_STYLE = Automatic;
				INFOPLIST_FILE = HyperionPluginSample/Info.plist;
				LD_RUNPATH_SEARCH_PATHS = (
					"$(inherited)",
					"@executable_path/Frameworks",
				);
				PRODUCT_BUNDLE_IDENTIFIER = com.nirazo.HyperionPluginSample;
				PRODUCT_NAME = "$(TARGET_NAME)";
				SWIFT_VERSION = 4.2;
				TARGETED_DEVICE_FAMILY = "1,2";
			};
			name = Release;
		};
/* End XCBuildConfiguration section */

/* Begin XCConfigurationList section */
		D70BCA4B21C3D6A000EE5506 /* Build configuration list for PBXProject "HyperionPluginSample" */ = {
			isa = XCConfigurationList;
			buildConfigurations = (
				D70BCA6021C3D6A300EE5506 /* Debug */,
				D70BCA6121C3D6A300EE5506 /* Release */,
			);
			defaultConfigurationIsVisible = 0;
			defaultConfigurationName = Release;
		};
		D70BCA6221C3D6A300EE5506 /* Build configuration list for PBXNativeTarget "HyperionPluginSample" */ = {
			isa = XCConfigurationList;
			buildConfigurations = (
				D70BCA6321C3D6A300EE5506 /* Debug */,
				D70BCA6421C3D6A300EE5506 /* Release */,
			);
			defaultConfigurationIsVisible = 0;
			defaultConfigurationName = Release;
		};
/* End XCConfigurationList section */
	};
	rootObject = D70BCA4821C3D6A000EE5506 /* Project object */;
}
